{
  "object": {
    "pins": [
      {
        "package": "Mustache",
        "repositoryURL": "https://github.com/groue/GRMustache.swift",
        "state": {
          "branch": null,
          "revision": "671e2c5234e829c1f337c9d300bd6d9b21d1c42a",
          "version": "4.0.1"
        }
      },
      {
        "package": "Ink",
        "repositoryURL": "https://github.com/johnsundell/ink.git",
        "state": {
          "branch": null,
          "revision": "bd223a2482449507bd3286cb262c962d32d81e4b",
          "version": "0.5.0"
        }
      },
      {
        "package": "swift-argument-parser",
        "repositoryURL": "https://github.com/apple/swift-argument-parser",
        "state": {
          "branch": null,
          "revision": "9564d61b08a5335ae0a36f789a7d71493eacadfc",
          "version": "0.3.2"
        }
      },
      {
        "package": "Yams",
        "repositoryURL": "https://github.com/jpsim/Yams.git",
        "state": {
          "branch": null,
          "revision": "9003d51672e516cc59297b7e96bff1dfdedcb4ea",
          "version": "4.0.4"
        }
      }
    ]
  },
  "version": 1
}
