// !$*UTF8*$!
{
	archiveVersion = 1;
	classes = {
	};
	objectVersion = 52;
	objects = {

/* Begin PBXBuildFile section */
		50EFA3332507F93A00458BA1 /* main.swift in Sources */ = {isa = PBXBuildFile; fileRef = 50EFA3322507F93A00458BA1 /* main.swift */; };
		50EFA33B2507F97100458BA1 /* ArgumentParser in Frameworks */ = {isa = PBXBuildFile; productRef = 50EFA33A2507F97100458BA1 /* ArgumentParser */; };
		50EFA33E2507F98200458BA1 /* Mustache in Frameworks */ = {isa = PBXBuildFile; productRef = 50EFA33D2507F98200458BA1 /* Mustache */; };
		50EFA34125082C9300458BA1 /* Yams in Frameworks */ = {isa = PBXBuildFile; productRef = 50EFA34025082C9300458BA1 /* Yams */; };
/* End PBXBuildFile section */

/* Begin PBXCopyFilesBuildPhase section */
		50EFA32D2507F93A00458BA1 /* CopyFiles */ = {
			isa = PBXCopyFilesBuildPhase;
			buildActionMask = 2147483647;
			dstPath = /usr/share/man/man1/;
			dstSubfolderSpec = 0;
			files = (
			);
			runOnlyForDeploymentPostprocessing = 1;
		};
/* End PBXCopyFilesBuildPhase section */

/* Begin PBXFileReference section */
		50EFA32F2507F93A00458BA1 /* macstache */ = {isa = PBXFileReference; explicitFileType = "compiled.mach-o.executable"; includeInIndex = 0; path = macstache; sourceTree = BUILT_PRODUCTS_DIR; };
		50EFA3322507F93A00458BA1 /* main.swift */ = {isa = PBXFileReference; lastKnownFileType = sourcecode.swift; path = main.swift; sourceTree = "<group>"; };
/* End PBXFileReference section */

/* Begin PBXFrameworksBuildPhase section */
		50EFA32C2507F93A00458BA1 /* Frameworks */ = {
			isa = PBXFrameworksBuildPhase;
			buildActionMask = 2147483647;
			files = (
				50EFA33E2507F98200458BA1 /* Mustache in Frameworks */,
				50EFA34125082C9300458BA1 /* Yams in Frameworks */,
				50EFA33B2507F97100458BA1 /* ArgumentParser in Frameworks */,
			);
			runOnlyForDeploymentPostprocessing = 0;
		};
/* End PBXFrameworksBuildPhase section */

/* Begin PBXGroup section */
		50EFA3262507F93A00458BA1 = {
			isa = PBXGroup;
			children = (
				50EFA3312507F93A00458BA1 /* macstache */,
				50EFA3302507F93A00458BA1 /* Products */,
			);
			sourceTree = "<group>";
		};
		50EFA3302507F93A00458BA1 /* Products */ = {
			isa = PBXGroup;
			children = (
				50EFA32F2507F93A00458BA1 /* macstache */,
			);
			name = Products;
			sourceTree = "<group>";
		};
		50EFA3312507F93A00458BA1 /* macstache */ = {
			isa = PBXGroup;
			children = (
				50EFA3322507F93A00458BA1 /* main.swift */,
			);
			path = macstache;
			sourceTree = "<group>";
		};
/* End PBXGroup section */

/* Begin PBXNativeTarget section */
		50EFA32E2507F93A00458BA1 /* macstache */ = {
			isa = PBXNativeTarget;
			buildConfigurationList = 50EFA3362507F93A00458BA1 /* Build configuration list for PBXNativeTarget "macstache" */;
			buildPhases = (
				50EFA32B2507F93A00458BA1 /* Sources */,
				50EFA32C2507F93A00458BA1 /* Frameworks */,
				50EFA32D2507F93A00458BA1 /* CopyFiles */,
			);
			buildRules = (
			);
			dependencies = (
			);
			name = macstache;
			packageProductDependencies = (
				50EFA33A2507F97100458BA1 /* ArgumentParser */,
				50EFA33D2507F98200458BA1 /* Mustache */,
				50EFA34025082C9300458BA1 /* Yams */,
			);
			productName = macstache;
			productReference = 50EFA32F2507F93A00458BA1 /* macstache */;
			productType = "com.apple.product-type.tool";
		};
/* End PBXNativeTarget section */

/* Begin PBXProject section */
		50EFA3272507F93A00458BA1 /* Project object */ = {
			isa = PBXProject;
			attributes = {
				LastSwiftUpdateCheck = 1170;
				LastUpgradeCheck = 1170;
				ORGANIZATIONNAME = "Pascal Braband";
				TargetAttributes = {
					50EFA32E2507F93A00458BA1 = {
						CreatedOnToolsVersion = 11.7;
					};
				};
			};
			buildConfigurationList = 50EFA32A2507F93A00458BA1 /* Build configuration list for PBXProject "macstache" */;
			compatibilityVersion = "Xcode 9.3";
			developmentRegion = en;
			hasScannedForEncodings = 0;
			knownRegions = (
				en,
				Base,
			);
			mainGroup = 50EFA3262507F93A00458BA1;
			packageReferences = (
				50EFA3392507F97100458BA1 /* XCRemoteSwiftPackageReference "swift-argument-parser" */,
				50EFA33C2507F98200458BA1 /* XCRemoteSwiftPackageReference "GRMustache" */,
				50EFA33F25082C9300458BA1 /* XCRemoteSwiftPackageReference "Yams" */,
			);
			productRefGroup = 50EFA3302507F93A00458BA1 /* Products */;
			projectDirPath = "";
			projectRoot = "";
			targets = (
				50EFA32E2507F93A00458BA1 /* macstache */,
			);
		};
/* End PBXProject section */

/* Begin PBXSourcesBuildPhase section */
		50EFA32B2507F93A00458BA1 /* Sources */ = {
			isa = PBXSourcesBuildPhase;
			buildActionMask = 2147483647;
			files = (
				50EFA3332507F93A00458BA1 /* main.swift in Sources */,
			);
			runOnlyForDeploymentPostprocessing = 0;
		};
/* End PBXSourcesBuildPhase section */

/* Begin XCBuildConfiguration section */
		50EFA3342507F93A00458BA1 /* Debug */ = {
			isa = XCBuildConfiguration;
			buildSettings = {
				ALWAYS_SEARCH_USER_PATHS = NO;
				CLANG_ANALYZER_NONNULL = YES;
				CLANG_ANALYZER_NUMBER_OBJECT_CONVERSION = YES_AGGRESSIVE;
				CLANG_CXX_LANGUAGE_STANDARD = "gnu++14";
				CLANG_CXX_LIBRARY = "libc++";
				CLANG_ENABLE_MODULES = YES;
				CLANG_ENABLE_OBJC_ARC = YES;
				CLANG_ENABLE_OBJC_WEAK = YES;
				CLANG_WARN_BLOCK_CAPTURE_AUTORELEASING = YES;
				CLANG_WARN_BOOL_CONVERSION = YES;
				CLANG_WARN_COMMA = YES;
				CLANG_WARN_CONSTANT_CONVERSION = YES;
				CLANG_WARN_DEPRECATED_OBJC_IMPLEMENTATIONS = YES;
				CLANG_WARN_DIRECT_OBJC_ISA_USAGE = YES_ERROR;
				CLANG_WARN_DOCUMENTATION_COMMENTS = YES;
				CLANG_WARN_EMPTY_BODY = YES;
				CLANG_WARN_ENUM_CONVERSION = YES;
				CLANG_WARN_INFINITE_RECURSION = YES;
				CLANG_WARN_INT_CONVERSION = YES;
				CLANG_WARN_NON_LITERAL_NULL_CONVERSION = YES;
				CLANG_WARN_OBJC_IMPLICIT_RETAIN_SELF = YES;
				CLANG_WARN_OBJC_LITERAL_CONVERSION = YES;
				CLANG_WARN_OBJC_ROOT_CLASS = YES_ERROR;
				CLANG_WARN_RANGE_LOOP_ANALYSIS = YES;
				CLANG_WARN_STRICT_PROTOTYPES = YES;
				CLANG_WARN_SUSPICIOUS_MOVE = YES;
				CLANG_WARN_UNGUARDED_AVAILABILITY = YES_AGGRESSIVE;
				CLANG_WARN_UNREACHABLE_CODE = YES;
				CLANG_WARN__DUPLICATE_METHOD_MATCH = YES;
				COPY_PHASE_STRIP = NO;
				DEBUG_INFORMATION_FORMAT = dwarf;
				ENABLE_STRICT_OBJC_MSGSEND = YES;
				ENABLE_TESTABILITY = YES;
				GCC_C_LANGUAGE_STANDARD = gnu11;
				GCC_DYNAMIC_NO_PIC = NO;
				GCC_NO_COMMON_BLOCKS = YES;
				GCC_OPTIMIZATION_LEVEL = 0;
				GCC_PREPROCESSOR_DEFINITIONS = (
					"DEBUG=1",
					"$(inherited)",
				);
				GCC_WARN_64_TO_32_BIT_CONVERSION = YES;
				GCC_WARN_ABOUT_RETURN_TYPE = YES_ERROR;
				GCC_WARN_UNDECLARED_SELECTOR = YES;
				GCC_WARN_UNINITIALIZED_AUTOS = YES_AGGRESSIVE;
				GCC_WARN_UNUSED_FUNCTION = YES;
				GCC_WARN_UNUSED_VARIABLE = YES;
				MACOSX_DEPLOYMENT_TARGET = 10.15;
				MTL_ENABLE_DEBUG_INFO = INCLUDE_SOURCE;
				MTL_FAST_MATH = YES;
				ONLY_ACTIVE_ARCH = YES;
				SDKROOT = macosx;
				SWIFT_ACTIVE_COMPILATION_CONDITIONS = DEBUG;
				SWIFT_OPTIMIZATION_LEVEL = "-Onone";
			};
			name = Debug;
		};
		50EFA3352507F93A00458BA1 /* Release */ = {
			isa = XCBuildConfiguration;
			buildSettings = {
				ALWAYS_SEARCH_USER_PATHS = NO;
				CLANG_ANALYZER_NONNULL = YES;
				CLANG_ANALYZER_NUMBER_OBJECT_CONVERSION = YES_AGGRESSIVE;
				CLANG_CXX_LANGUAGE_STANDARD = "gnu++14";
				CLANG_CXX_LIBRARY = "libc++";
				CLANG_ENABLE_MODULES = YES;
				CLANG_ENABLE_OBJC_ARC = YES;
				CLANG_ENABLE_OBJC_WEAK = YES;
				CLANG_WARN_BLOCK_CAPTURE_AUTORELEASING = YES;
				CLANG_WARN_BOOL_CONVERSION = YES;
				CLANG_WARN_COMMA = YES;
				CLANG_WARN_CONSTANT_CONVERSION = YES;
				CLANG_WARN_DEPRECATED_OBJC_IMPLEMENTATIONS = YES;
				CLANG_WARN_DIRECT_OBJC_ISA_USAGE = YES_ERROR;
				CLANG_WARN_DOCUMENTATION_COMMENTS = YES;
				CLANG_WARN_EMPTY_BODY = YES;
				CLANG_WARN_ENUM_CONVERSION = YES;
				CLANG_WARN_INFINITE_RECURSION = YES;
				CLANG_WARN_INT_CONVERSION = YES;
				CLANG_WARN_NON_LITERAL_NULL_CONVERSION = YES;
				CLANG_WARN_OBJC_IMPLICIT_RETAIN_SELF = YES;
				CLANG_WARN_OBJC_LITERAL_CONVERSION = YES;
				CLANG_WARN_OBJC_ROOT_CLASS = YES_ERROR;
				CLANG_WARN_RANGE_LOOP_ANALYSIS = YES;
				CLANG_WARN_STRICT_PROTOTYPES = YES;
				CLANG_WARN_SUSPICIOUS_MOVE = YES;
				CLANG_WARN_UNGUARDED_AVAILABILITY = YES_AGGRESSIVE;
				CLANG_WARN_UNREACHABLE_CODE = YES;
				CLANG_WARN__DUPLICATE_METHOD_MATCH = YES;
				COPY_PHASE_STRIP = NO;
				DEBUG_INFORMATION_FORMAT = "dwarf-with-dsym";
				ENABLE_NS_ASSERTIONS = NO;
				ENABLE_STRICT_OBJC_MSGSEND = YES;
				GCC_C_LANGUAGE_STANDARD = gnu11;
				GCC_NO_COMMON_BLOCKS = YES;
				GCC_WARN_64_TO_32_BIT_CONVERSION = YES;
				GCC_WARN_ABOUT_RETURN_TYPE = YES_ERROR;
				GCC_WARN_UNDECLARED_SELECTOR = YES;
				GCC_WARN_UNINITIALIZED_AUTOS = YES_AGGRESSIVE;
				GCC_WARN_UNUSED_FUNCTION = YES;
				GCC_WARN_UNUSED_VARIABLE = YES;
				MACOSX_DEPLOYMENT_TARGET = 10.15;
				MTL_ENABLE_DEBUG_INFO = NO;
				MTL_FAST_MATH = YES;
				SDKROOT = macosx;
				SWIFT_COMPILATION_MODE = wholemodule;
				SWIFT_OPTIMIZATION_LEVEL = "-O";
			};
			name = Release;
		};
		50EFA3372507F93A00458BA1 /* Debug */ = {
			isa = XCBuildConfiguration;
			buildSettings = {
				CODE_SIGN_STYLE = Automatic;
				DEVELOPMENT_TEAM = FFSR8KUJW2;
				ENABLE_HARDENED_RUNTIME = YES;
				PRODUCT_NAME = "$(TARGET_NAME)";
				SWIFT_VERSION = 5.0;
			};
			name = Debug;
		};
		50EFA3382507F93A00458BA1 /* Release */ = {
			isa = XCBuildConfiguration;
			buildSettings = {
				CODE_SIGN_STYLE = Automatic;
				DEVELOPMENT_TEAM = FFSR8KUJW2;
				ENABLE_HARDENED_RUNTIME = YES;
				PRODUCT_NAME = "$(TARGET_NAME)";
				SWIFT_VERSION = 5.0;
			};
			name = Release;
		};
/* End XCBuildConfiguration section */

/* Begin XCConfigurationList section */
		50EFA32A2507F93A00458BA1 /* Build configuration list for PBXProject "macstache" */ = {
			isa = XCConfigurationList;
			buildConfigurations = (
				50EFA3342507F93A00458BA1 /* Debug */,
				50EFA3352507F93A00458BA1 /* Release */,
			);
			defaultConfigurationIsVisible = 0;
			defaultConfigurationName = Release;
		};
		50EFA3362507F93A00458BA1 /* Build configuration list for PBXNativeTarget "macstache" */ = {
			isa = XCConfigurationList;
			buildConfigurations = (
				50EFA3372507F93A00458BA1 /* Debug */,
				50EFA3382507F93A00458BA1 /* Release */,
			);
			defaultConfigurationIsVisible = 0;
			defaultConfigurationName = Release;
		};
/* End XCConfigurationList section */

/* Begin XCRemoteSwiftPackageReference section */
		50EFA3392507F97100458BA1 /* XCRemoteSwiftPackageReference "swift-argument-parser" */ = {
			isa = XCRemoteSwiftPackageReference;
			repositoryURL = "https://github.com/apple/swift-argument-parser";
			requirement = {
				kind = upToNextMajorVersion;
				minimumVersion = 0.3.1;
			};
		};
		50EFA33C2507F98200458BA1 /* XCRemoteSwiftPackageReference "GRMustache" */ = {
			isa = XCRemoteSwiftPackageReference;
			repositoryURL = "https://github.com/groue/GRMustache.swift";
			requirement = {
				kind = upToNextMajorVersion;
				minimumVersion = 4.0.1;
			};
		};
		50EFA33F25082C9300458BA1 /* XCRemoteSwiftPackageReference "Yams" */ = {
			isa = XCRemoteSwiftPackageReference;
			repositoryURL = "https://github.com/jpsim/Yams.git";
			requirement = {
				kind = upToNextMajorVersion;
				minimumVersion = 4.0.0;
			};
		};
/* End XCRemoteSwiftPackageReference section */

/* Begin XCSwiftPackageProductDependency section */
		50EFA33A2507F97100458BA1 /* ArgumentParser */ = {
			isa = XCSwiftPackageProductDependency;
			package = 50EFA3392507F97100458BA1 /* XCRemoteSwiftPackageReference "swift-argument-parser" */;
			productName = ArgumentParser;
		};
		50EFA33D2507F98200458BA1 /* Mustache */ = {
			isa = XCSwiftPackageProductDependency;
			package = 50EFA33C2507F98200458BA1 /* XCRemoteSwiftPackageReference "GRMustache" */;
			productName = Mustache;
		};
		50EFA34025082C9300458BA1 /* Yams */ = {
			isa = XCSwiftPackageProductDependency;
			package = 50EFA33F25082C9300458BA1 /* XCRemoteSwiftPackageReference "Yams" */;
			productName = Yams;
		};
/* End XCSwiftPackageProductDependency section */
	};
	rootObject = 50EFA3272507F93A00458BA1 /* Project object */;
}
